
Microsoft Visual Studio Solution File, Format Version 12.00
# Visual Studio Version 16
VisualStudioVersion = 16.0.31321.278
MinimumVisualStudioVersion = 10.0.40219.1
Project("{FAE04EC0-301F-11D3-BF4B-00C04F79EFBC}") = "ReservationForm", "ReservationForm\ReservationForm.csproj", "{D0B4C80F-77A9-4BB1-BCF2-1BD07C5E24EA}"
EndProject
Global
	GlobalSection(SolutionConfigurationPlatforms) = preSolution
		Debug|Any CPU = Debug|Any CPU
		Release|Any CPU = Release|Any CPU
	EndGlobalSection
	GlobalSection(ProjectConfigurationPlatforms) = postSolution
		{D0B4C80F-77A9-4BB1-BCF2-1BD07C5E24EA}.Debug|Any CPU.ActiveCfg = Debug|Any CPU
		{D0B4C80F-77A9-4BB1-BCF2-1BD07C5E24EA}.Debug|Any CPU.Build.0 = Debug|Any CPU
		{D0B4C80F-77A9-4BB1-BCF2-1BD07C5E24EA}.Release|Any CPU.ActiveCfg = Release|Any CPU
		{D0B4C80F-77A9-4BB1-BCF2-1BD07C5E24EA}.Release|Any CPU.Build.0 = Release|Any CPU
	EndGlobalSection
	GlobalSection(SolutionProperties) = preSolution
		HideSolutionNode = FALSE
	EndGlobalSection
	GlobalSection(ExtensibilityGlobals) = postSolution
		SolutionGuid = {70613F59-385E-4AD1-9E3D-CD495EAED3D9}
	EndGlobalSection
EndGlobal
